<?xml version="1.0" encoding="utf-8"?>
<Project ToolsVersion="4.0" xmlns="http://schemas.microsoft.com/developer/msbuild/2003">
  <ItemGroup>
    <Filter Include="Source Files">
      <UniqueIdentifier>{4FC737F1-C7A5-4376-A066-2A32D752A2FF}</UniqueIdentifier>
      <Extensions>cpp;c;cc;cxx;def;odl;idl;hpj;bat;asm;asmx</Extensions>
    </Filter>
    <Filter Include="Header Files">
      <UniqueIdentifier>{93995380-89BD-4b04-88EB-625FBE52EBFB}</UniqueIdentifier>
      <Extensions>h;hpp;hxx;hm;inl;inc;xsd</Extensions>
    </Filter>
    <Filter Include="Resource Files">
      <UniqueIdentifier>{67DA6AB6-F800-4c08-8B7A-83BB121AAD01}</UniqueIdentifier>
      <Extensions>rc;ico;cur;bmp;dlg;rc2;rct;bin;rgs;gif;jpg;jpeg;jpe;resx;tiff;tif;png;wav;mfcribbon-ms</Extensions>
    </Filter>
  </ItemGroup>
  <ItemGroup>
    <Text Include="ReadMe.txt" />
  </ItemGroup>
  <ItemGroup>
    <ClInclude Include="stdafx.h">
      <Filter>Header Files</Filter>
    </ClInclude>
    <ClInclude Include="targetver.h">
      <Filter>Header Files</Filter>
    </ClInclude>
    <ClInclude Include="Resource.h">
      <Filter>Header Files</Filter>
    </ClInclude>
    <ClInclude Include="ReportHistogramDlg.h">
      <Filter>Header Files</Filter>
    </ClInclude>
    <ClInclude Include="ReportPrint.h">
      <Filter>Header Files</Filter>
    </ClInclude>
    <ClInclude Include="ReportPrintDlg.h">
      <Filter>Header Files</Filter>
    </ClInclude>
    <ClInclude Include="CApplication.h">
      <Filter>Header Files</Filter>
    </ClInclude>
    <ClInclude Include="CDocument0.h">
      <Filter>Header Files</Filter>
    </ClInclude>
    <ClInclude Include="CCell.h">
      <Filter>Header Files</Filter>
    </ClInclude>
    <ClInclude Include="CCells.h">
      <Filter>Header Files</Filter>
    </ClInclude>
    <ClInclude Include="CBookmark0.h">
      <Filter>Header Files</Filter>
    </ClInclude>
    <ClInclude Include="CBookmarks.h">
      <Filter>Header Files</Filter>
    </ClInclude>
    <ClInclude Include="CDocuments.h">
      <Filter>Header Files</Filter>
    </ClInclude>
    <ClInclude Include="CRange.h">
      <Filter>Header Files</Filter>
    </ClInclude>
    <ClInclude Include="CSelection.h">
      <Filter>Header Files</Filter>
    </ClInclude>
    <ClInclude Include="CShapes.h">
      <Filter>Header Files</Filter>
    </ClInclude>
    <ClInclude Include="CShape.h">
      <Filter>Header Files</Filter>
    </ClInclude>
    <ClInclude Include="CDMSChartEvents.h">
      <Filter>Header Files</Filter>
    </ClInclude>
    <ClInclude Include="CDMSChartEvents0.h">
      <Filter>Header Files</Filter>
    </ClInclude>
    <ClInclude Include="CDMSChart.h">
      <Filter>Header Files</Filter>
    </ClInclude>
    <ClInclude Include="CDMSChartEvents1.h">
      <Filter>Header Files</Filter>
    </ClInclude>
    <ClInclude Include="CVBDataObject.h">
      <Filter>Header Files</Filter>
    </ClInclude>
    <ClInclude Include="CVcAxis.h">
      <Filter>Header Files</Filter>
    </ClInclude>
    <ClInclude Include="CVcAxisGrid.h">
      <Filter>Header Files</Filter>
    </ClInclude>
    <ClInclude Include="CVcAxisScale.h">
      <Filter>Header Files</Filter>
    </ClInclude>
    <ClInclude Include="CVcAxisTitle.h">
      <Filter>Header Files</Filter>
    </ClInclude>
    <ClInclude Include="CVcBackdrop.h">
      <Filter>Header Files</Filter>
    </ClInclude>
    <ClInclude Include="CVcBrush.h">
      <Filter>Header Files</Filter>
    </ClInclude>
    <ClInclude Include="CVcColor.h">
      <Filter>Header Files</Filter>
    </ClInclude>
    <ClInclude Include="CVcCoor.h">
      <Filter>Header Files</Filter>
    </ClInclude>
    <ClInclude Include="CVcDataGrid.h">
      <Filter>Header Files</Filter>
    </ClInclude>
    <ClInclude Include="CVcDataPoint.h">
      <Filter>Header Files</Filter>
    </ClInclude>
    <ClInclude Include="CVcDataPoints.h">
      <Filter>Header Files</Filter>
    </ClInclude>
    <ClInclude Include="CVcFill.h">
      <Filter>Header Files</Filter>
    </ClInclude>
    <ClInclude Include="CVcFont.h">
      <Filter>Header Files</Filter>
    </ClInclude>
    <ClInclude Include="CVcFootnote.h">
      <Filter>Header Files</Filter>
    </ClInclude>
    <ClInclude Include="CVcFrame.h">
      <Filter>Header Files</Filter>
    </ClInclude>
    <ClInclude Include="CVcLabel.h">
      <Filter>Header Files</Filter>
    </ClInclude>
    <ClInclude Include="CVcLabels.h">
      <Filter>Header Files</Filter>
    </ClInclude>
    <ClInclude Include="CVcLCoor.h">
      <Filter>Header Files</Filter>
    </ClInclude>
    <ClInclude Include="CVcLegend.h">
      <Filter>Header Files</Filter>
    </ClInclude>
    <ClInclude Include="CVcLight.h">
      <Filter>Header Files</Filter>
    </ClInclude>
    <ClInclude Include="CVcLocation.h">
      <Filter>Header Files</Filter>
    </ClInclude>
    <ClInclude Include="CVcMarker.h">
      <Filter>Header Files</Filter>
    </ClInclude>
    <ClInclude Include="CVcPen.h">
      <Filter>Header Files</Filter>
    </ClInclude>
    <ClInclude Include="CVcPlot.h">
      <Filter>Header Files</Filter>
    </ClInclude>
    <ClInclude Include="CVcPlotBase.h">
      <Filter>Header Files</Filter>
    </ClInclude>
    <ClInclude Include="CVcRect.h">
      <Filter>Header Files</Filter>
    </ClInclude>
    <ClInclude Include="CVcSeries.h">
      <Filter>Header Files</Filter>
    </ClInclude>
    <ClInclude Include="CVcTitle.h">
      <Filter>Header Files</Filter>
    </ClInclude>
    <ClInclude Include="mschart1.h">
      <Filter>Header Files</Filter>
    </ClInclude>
    <ClInclude Include="CVcValueScale.h">
      <Filter>Header Files</Filter>
    </ClInclude>
    <ClInclude Include="CVcSeriesCollection.h">
      <Filter>Header Files</Filter>
    </ClInclude>
    <ClInclude Include="CVcDataPointLabel.h">
      <Filter>Header Files</Filter>
    </ClInclude>
    <ClInclude Include="CVcCategoryScale.h">
      <Filter>Header Files</Filter>
    </ClInclude>
    <ClInclude Include="CVcStatLine.h">
      <Filter>Header Files</Filter>
    </ClInclude>
  </ItemGroup>
  <ItemGroup>
    <ClCompile Include="ReportTe.cpp">
      <Filter>Source Files</Filter>
    </ClCompile>
    <ClCompile Include="stdafx.cpp">
      <Filter>Source Files</Filter>
    </ClCompile>
    <ClCompile Include="ReportHistogramDlg.cpp">
      <Filter>Source Files</Filter>
    </ClCompile>
    <ClCompile Include="ReportPrint.cpp">
      <Filter>Source Files</Filter>
    </ClCompile>
    <ClCompile Include="mschart1.cpp">
      <Filter>Source Files</Filter>
    </ClCompile>
  </ItemGroup>
  <ItemGroup>
    <ResourceCompile Include="ReportTe.rc">
      <Filter>Resource Files</Filter>
    </ResourceCompile>
  </ItemGroup>
  <ItemGroup>
    <None Include="res\ReportTe.rc2">
      <Filter>Resource Files</Filter>
    </None>
  </ItemGroup>
  <ItemGroup>
    <Image Include="res\ReportTe.ico">
      <Filter>Resource Files</Filter>
    </Image>
  </ItemGroup>
</Project>